
Microsoft Visual Studio Solution File, Format Version 12.00
# Visual Studio 2012
Project("{FAE04EC0-301F-11D3-BF4B-00C04F79EFBC}") = "SyncFusionExperiment", "SyncFusionExperiment\SyncFusionExperiment.csproj", "{7FD4FAAA-E439-4D2A-A42E-7641F186C8C6}"
EndProject
Project("{FAE04EC0-301F-11D3-BF4B-00C04F79EFBC}") = "SyncFusionExperiment.iOS", "iOS\SyncFusionExperiment.iOS.csproj", "{73BB1938-E43A-4D1F-9ED5-1BF049313E50}"
EndProject
Project("{FAE04EC0-301F-11D3-BF4B-00C04F79EFBC}") = "SyncFusionExperiment.Droid", "Droid\SyncFusionExperiment.Droid.csproj", "{CFC44852-E2CE-4C41-83E8-84DE00E63347}"
EndProject
Global
	GlobalSection(SolutionConfigurationPlatforms) = preSolution
		Debug|Any CPU = Debug|Any CPU
		Release|Any CPU = Release|Any CPU
		Debug|iPhoneSimulator = Debug|iPhoneSimulator
		Release|iPhone = Release|iPhone
		Release|iPhoneSimulator = Release|iPhoneSimulator
		Debug|iPhone = Debug|iPhone
	EndGlobalSection
	GlobalSection(ProjectConfigurationPlatforms) = postSolution
		{7FD4FAAA-E439-4D2A-A42E-7641F186C8C6}.Debug|Any CPU.ActiveCfg = Debug|Any CPU
		{7FD4FAAA-E439-4D2A-A42E-7641F186C8C6}.Debug|Any CPU.Build.0 = Debug|Any CPU
		{7FD4FAAA-E439-4D2A-A42E-7641F186C8C6}.Release|Any CPU.ActiveCfg = Release|Any CPU
		{7FD4FAAA-E439-4D2A-A42E-7641F186C8C6}.Release|Any CPU.Build.0 = Release|Any CPU
		{7FD4FAAA-E439-4D2A-A42E-7641F186C8C6}.Debug|iPhoneSimulator.ActiveCfg = Debug|Any CPU
		{7FD4FAAA-E439-4D2A-A42E-7641F186C8C6}.Debug|iPhoneSimulator.Build.0 = Debug|Any CPU
		{7FD4FAAA-E439-4D2A-A42E-7641F186C8C6}.Release|iPhone.ActiveCfg = Release|Any CPU
		{7FD4FAAA-E439-4D2A-A42E-7641F186C8C6}.Release|iPhone.Build.0 = Release|Any CPU
		{7FD4FAAA-E439-4D2A-A42E-7641F186C8C6}.Release|iPhoneSimulator.ActiveCfg = Release|Any CPU
		{7FD4FAAA-E439-4D2A-A42E-7641F186C8C6}.Release|iPhoneSimulator.Build.0 = Release|Any CPU
		{7FD4FAAA-E439-4D2A-A42E-7641F186C8C6}.Debug|iPhone.ActiveCfg = Debug|Any CPU
		{7FD4FAAA-E439-4D2A-A42E-7641F186C8C6}.Debug|iPhone.Build.0 = Debug|Any CPU
		{73BB1938-E43A-4D1F-9ED5-1BF049313E50}.Debug|Any CPU.ActiveCfg = Debug|iPhoneSimulator
		{73BB1938-E43A-4D1F-9ED5-1BF049313E50}.Debug|Any CPU.Build.0 = Debug|iPhoneSimulator
		{73BB1938-E43A-4D1F-9ED5-1BF049313E50}.Release|Any CPU.ActiveCfg = Release|iPhone
		{73BB1938-E43A-4D1F-9ED5-1BF049313E50}.Release|Any CPU.Build.0 = Release|iPhone
		{73BB1938-E43A-4D1F-9ED5-1BF049313E50}.Debug|iPhoneSimulator.ActiveCfg = Debug|iPhoneSimulator
		{73BB1938-E43A-4D1F-9ED5-1BF049313E50}.Debug|iPhoneSimulator.Build.0 = Debug|iPhoneSimulator
		{73BB1938-E43A-4D1F-9ED5-1BF049313E50}.Release|iPhone.ActiveCfg = Release|iPhone
		{73BB1938-E43A-4D1F-9ED5-1BF049313E50}.Release|iPhone.Build.0 = Release|iPhone
		{73BB1938-E43A-4D1F-9ED5-1BF049313E50}.Release|iPhoneSimulator.ActiveCfg = Release|iPhoneSimulator
		{73BB1938-E43A-4D1F-9ED5-1BF049313E50}.Release|iPhoneSimulator.Build.0 = Release|iPhoneSimulator
		{73BB1938-E43A-4D1F-9ED5-1BF049313E50}.Debug|iPhone.ActiveCfg = Debug|iPhone
		{73BB1938-E43A-4D1F-9ED5-1BF049313E50}.Debug|iPhone.Build.0 = Debug|iPhone
		{CFC44852-E2CE-4C41-83E8-84DE00E63347}.Debug|Any CPU.ActiveCfg = Debug|Any CPU
		{CFC44852-E2CE-4C41-83E8-84DE00E63347}.Debug|Any CPU.Build.0 = Debug|Any CPU
		{CFC44852-E2CE-4C41-83E8-84DE00E63347}.Release|Any CPU.ActiveCfg = Release|Any CPU
		{CFC44852-E2CE-4C41-83E8-84DE00E63347}.Release|Any CPU.Build.0 = Release|Any CPU
		{CFC44852-E2CE-4C41-83E8-84DE00E63347}.Debug|iPhoneSimulator.ActiveCfg = Debug|Any CPU
		{CFC44852-E2CE-4C41-83E8-84DE00E63347}.Debug|iPhoneSimulator.Build.0 = Debug|Any CPU
		{CFC44852-E2CE-4C41-83E8-84DE00E63347}.Release|iPhone.ActiveCfg = Release|Any CPU
		{CFC44852-E2CE-4C41-83E8-84DE00E63347}.Release|iPhone.Build.0 = Release|Any CPU
		{CFC44852-E2CE-4C41-83E8-84DE00E63347}.Release|iPhoneSimulator.ActiveCfg = Release|Any CPU
		{CFC44852-E2CE-4C41-83E8-84DE00E63347}.Release|iPhoneSimulator.Build.0 = Release|Any CPU
		{CFC44852-E2CE-4C41-83E8-84DE00E63347}.Debug|iPhone.ActiveCfg = Debug|Any CPU
		{CFC44852-E2CE-4C41-83E8-84DE00E63347}.Debug|iPhone.Build.0 = Debug|Any CPU
	EndGlobalSection
EndGlobal
